
Microsoft Visual Studio Solution File, Format Version 12.00
# Visual Studio Version 17
VisualStudioVersion = 17.12.35707.178 d17.12
MinimumVisualStudioVersion = 10.0.40219.1
Project("{FAE04EC0-301F-11D3-BF4B-00C04F79EFBC}") = "DashBoard.View", "DashBoard.View\DashBoard.View.csproj", "{10DE72C7-C985-4EAC-9EA8-6B916ED48F22}"
EndProject
Project("{FAE04EC0-301F-11D3-BF4B-00C04F79EFBC}") = "DashBoard.ViewModel", "..\DashBoard.ViewModel\DashBoard.ViewModel.csproj", "{CB2315EE-42F5-447D-812C-52CF95D09A8A}"
EndProject
Project("{FAE04EC0-301F-11D3-BF4B-00C04F79EFBC}") = "DashBoard.Model", "DashBoard.Model\DashBoard.Model.csproj", "{DE556559-95DB-44A8-831D-7FED36F94C40}"
EndProject
Project("{FAE04EC0-301F-11D3-BF4B-00C04F79EFBC}") = "DashBoard.Core", "..\DashBoard.Core\DashBoard.Core.csproj", "{2D61E011-35F7-4882-9116-17E7744E24B6}"
EndProject
Global
	GlobalSection(SolutionConfigurationPlatforms) = preSolution
		Debug|Any CPU = Debug|Any CPU
		Release|Any CPU = Release|Any CPU
	EndGlobalSection
	GlobalSection(ProjectConfigurationPlatforms) = postSolution
		{10DE72C7-C985-4EAC-9EA8-6B916ED48F22}.Debug|Any CPU.ActiveCfg = Debug|Any CPU
		{10DE72C7-C985-4EAC-9EA8-6B916ED48F22}.Debug|Any CPU.Build.0 = Debug|Any CPU
		{10DE72C7-C985-4EAC-9EA8-6B916ED48F22}.Release|Any CPU.ActiveCfg = Release|Any CPU
		{10DE72C7-C985-4EAC-9EA8-6B916ED48F22}.Release|Any CPU.Build.0 = Release|Any CPU
		{CB2315EE-42F5-447D-812C-52CF95D09A8A}.Debug|Any CPU.ActiveCfg = Debug|Any CPU
		{CB2315EE-42F5-447D-812C-52CF95D09A8A}.Debug|Any CPU.Build.0 = Debug|Any CPU
		{CB2315EE-42F5-447D-812C-52CF95D09A8A}.Release|Any CPU.ActiveCfg = Release|Any CPU
		{CB2315EE-42F5-447D-812C-52CF95D09A8A}.Release|Any CPU.Build.0 = Release|Any CPU
		{DE556559-95DB-44A8-831D-7FED36F94C40}.Debug|Any CPU.ActiveCfg = Debug|Any CPU
		{DE556559-95DB-44A8-831D-7FED36F94C40}.Debug|Any CPU.Build.0 = Debug|Any CPU
		{DE556559-95DB-44A8-831D-7FED36F94C40}.Release|Any CPU.ActiveCfg = Release|Any CPU
		{DE556559-95DB-44A8-831D-7FED36F94C40}.Release|Any CPU.Build.0 = Release|Any CPU
		{2D61E011-35F7-4882-9116-17E7744E24B6}.Debug|Any CPU.ActiveCfg = Debug|Any CPU
		{2D61E011-35F7-4882-9116-17E7744E24B6}.Debug|Any CPU.Build.0 = Debug|Any CPU
		{2D61E011-35F7-4882-9116-17E7744E24B6}.Release|Any CPU.ActiveCfg = Release|Any CPU
		{2D61E011-35F7-4882-9116-17E7744E24B6}.Release|Any CPU.Build.0 = Release|Any CPU
	EndGlobalSection
	GlobalSection(SolutionProperties) = preSolution
		HideSolutionNode = FALSE
	EndGlobalSection
EndGlobal
